
Microsoft Visual Studio Solution File, Format Version 12.00
# Visual Studio Version 16
VisualStudioVersion = 16.0.31424.327
MinimumVisualStudioVersion = 10.0.40219.1
Project("{FAE04EC0-301F-11D3-BF4B-00C04F79EFBC}") = "JSONChallenge", "JSONChallenge\JSONChallenge.csproj", "{FB05E01E-12B6-497B-8737-7F4B36563FE3}"
EndProject
Global
	GlobalSection(SolutionConfigurationPlatforms) = preSolution
		Debug|Any CPU = Debug|Any CPU
		Release|Any CPU = Release|Any CPU
	EndGlobalSection
	GlobalSection(ProjectConfigurationPlatforms) = postSolution
		{FB05E01E-12B6-497B-8737-7F4B36563FE3}.Debug|Any CPU.ActiveCfg = Debug|Any CPU
		{FB05E01E-12B6-497B-8737-7F4B36563FE3}.Debug|Any CPU.Build.0 = Debug|Any CPU
		{FB05E01E-12B6-497B-8737-7F4B36563FE3}.Release|Any CPU.ActiveCfg = Release|Any CPU
		{FB05E01E-12B6-497B-8737-7F4B36563FE3}.Release|Any CPU.Build.0 = Release|Any CPU
	EndGlobalSection
	GlobalSection(SolutionProperties) = preSolution
		HideSolutionNode = FALSE
	EndGlobalSection
	GlobalSection(ExtensibilityGlobals) = postSolution
		SolutionGuid = {581D5C8A-E106-40A8-A420-9FAA9FFF71B3}
	EndGlobalSection
EndGlobal
